
Microsoft Visual Studio Solution File, Format Version 12.00
# Visual Studio Version 16
VisualStudioVersion = 16.0.31424.327
MinimumVisualStudioVersion = 10.0.40219.1
Project("{FAE04EC0-301F-11D3-BF4B-00C04F79EFBC}") = "VBControler", "VBControler\VBControler.csproj", "{C344C216-FC77-4E3E-BD0D-0479507F1906}"
EndProject
Project("{FAE04EC0-301F-11D3-BF4B-00C04F79EFBC}") = "CommonLIB", "CommonLIB\CommonLIB.csproj", "{0DD82E49-9805-4710-8CDA-6A904AD3C201}"
EndProject
Project("{FAE04EC0-301F-11D3-BF4B-00C04F79EFBC}") = "ASSAMON", "ASSAMON\ASSAMON.csproj", "{76526147-984E-48F9-ABF9-D783E75F53C5}"
EndProject
Project("{FAE04EC0-301F-11D3-BF4B-00C04F79EFBC}") = "ClickMaster", "ClickMaster\ClickMaster.csproj", "{D2597CD2-CA64-404A-84D1-4E7B512298D6}"
EndProject
Project("{FAE04EC0-301F-11D3-BF4B-00C04F79EFBC}") = "BuildSWSRC", "BuildSWSRC\BuildSWSRC.csproj", "{B332CFED-DFF5-4DD8-A750-1FC2BBEF9064}"
EndProject
Project("{FAE04EC0-301F-11D3-BF4B-00C04F79EFBC}") = "ASSAREG", "ASSAREG\ASSAREG.csproj", "{90D1FC1B-3BAD-4C8F-9B65-A3647E991C6B}"
EndProject
Project("{FAE04EC0-301F-11D3-BF4B-00C04F79EFBC}") = "CopyFiles", "CopyFiles\CopyFiles.csproj", "{2EB64BB4-1260-4C8F-9AA4-361C03D864E2}"
EndProject
Project("{FAE04EC0-301F-11D3-BF4B-00C04F79EFBC}") = "SAPOC", "SAPOC\SAPOC.csproj", "{79D5E9D0-C7DB-4F48-9AF1-6F7A22CCB862}"
EndProject
Project("{FAE04EC0-301F-11D3-BF4B-00C04F79EFBC}") = "CopyUserInfo", "CopyUserInfo\CopyUserInfo.csproj", "{4E793A14-2C69-4907-B8E5-0DB6B9BD12ED}"
EndProject
Project("{FAE04EC0-301F-11D3-BF4B-00C04F79EFBC}") = "DeleteAct", "DeleteAct\DeleteAct.csproj", "{138F3C0B-9818-4419-ADFC-BAC1707FDF2A}"
EndProject
Project("{FAE04EC0-301F-11D3-BF4B-00C04F79EFBC}") = "TMPRPO", "TMPRPO\TMPRPO.csproj", "{84BA93DF-51B4-4515-A0D5-DD2DF617A157}"
EndProject
Project("{8BC9CEB8-8B4A-11D0-8D11-00A0C91BC942}") = "SOKEY", "SOKEY\SOKEY.vcxproj", "{442258B4-525D-44B1-A2FD-06F119BF5AC8}"
EndProject
Project("{FAE04EC0-301F-11D3-BF4B-00C04F79EFBC}") = "Vcode", "Vcode\Vcode.csproj", "{CE5B5453-16FB-4A5C-ABD2-DD7A2E39ED32}"
EndProject
Project("{FAE04EC0-301F-11D3-BF4B-00C04F79EFBC}") = "MornitorDel", "MornitorDel\MornitorDel.csproj", "{1240C7B0-0032-4B37-B624-433F10333CE7}"
EndProject
Project("{FAE04EC0-301F-11D3-BF4B-00C04F79EFBC}") = "VcodeCMD", "VcodeCMD\VcodeCMD.csproj", "{34A010C4-CBF4-4799-BD23-9971110B8627}"
EndProject
Project("{8BC9CEB8-8B4A-11D0-8D11-00A0C91BC942}") = "SACreateACT", "SACreateACT\SACreateACT.vcxproj", "{B7CF86F9-3393-4C0E-BC0B-72D23BC77C6B}"
EndProject
Global
	GlobalSection(SolutionConfigurationPlatforms) = preSolution
		Debug|Any CPU = Debug|Any CPU
		Debug|ARM = Debug|ARM
		Debug|ARM64 = Debug|ARM64
		Debug|Win32 = Debug|Win32
		Debug|x64 = Debug|x64
		Debug|x86 = Debug|x86
		Release|Any CPU = Release|Any CPU
		Release|ARM = Release|ARM
		Release|ARM64 = Release|ARM64
		Release|Win32 = Release|Win32
		Release|x64 = Release|x64
		Release|x86 = Release|x86
	EndGlobalSection
	GlobalSection(ProjectConfigurationPlatforms) = postSolution
		{C344C216-FC77-4E3E-BD0D-0479507F1906}.Debug|Any CPU.ActiveCfg = Debug|Any CPU
		{C344C216-FC77-4E3E-BD0D-0479507F1906}.Debug|Any CPU.Build.0 = Debug|Any CPU
		{C344C216-FC77-4E3E-BD0D-0479507F1906}.Debug|ARM.ActiveCfg = Debug|Any CPU
		{C344C216-FC77-4E3E-BD0D-0479507F1906}.Debug|ARM.Build.0 = Debug|Any CPU
		{C344C216-FC77-4E3E-BD0D-0479507F1906}.Debug|ARM64.ActiveCfg = Debug|Any CPU
		{C344C216-FC77-4E3E-BD0D-0479507F1906}.Debug|ARM64.Build.0 = Debug|Any CPU
		{C344C216-FC77-4E3E-BD0D-0479507F1906}.Debug|Win32.ActiveCfg = Debug|Any CPU
		{C344C216-FC77-4E3E-BD0D-0479507F1906}.Debug|Win32.Build.0 = Debug|Any CPU
		{C344C216-FC77-4E3E-BD0D-0479507F1906}.Debug|x64.ActiveCfg = Debug|Any CPU
		{C344C216-FC77-4E3E-BD0D-0479507F1906}.Debug|x64.Build.0 = Debug|Any CPU
		{C344C216-FC77-4E3E-BD0D-0479507F1906}.Debug|x86.ActiveCfg = Debug|Any CPU
		{C344C216-FC77-4E3E-BD0D-0479507F1906}.Debug|x86.Build.0 = Debug|Any CPU
		{C344C216-FC77-4E3E-BD0D-0479507F1906}.Release|Any CPU.ActiveCfg = Release|Any CPU
		{C344C216-FC77-4E3E-BD0D-0479507F1906}.Release|Any CPU.Build.0 = Release|Any CPU
		{C344C216-FC77-4E3E-BD0D-0479507F1906}.Release|ARM.ActiveCfg = Release|Any CPU
		{C344C216-FC77-4E3E-BD0D-0479507F1906}.Release|ARM.Build.0 = Release|Any CPU
		{C344C216-FC77-4E3E-BD0D-0479507F1906}.Release|ARM64.ActiveCfg = Release|Any CPU
		{C344C216-FC77-4E3E-BD0D-0479507F1906}.Release|ARM64.Build.0 = Release|Any CPU
		{C344C216-FC77-4E3E-BD0D-0479507F1906}.Release|Win32.ActiveCfg = Release|Any CPU
		{C344C216-FC77-4E3E-BD0D-0479507F1906}.Release|Win32.Build.0 = Release|Any CPU
		{C344C216-FC77-4E3E-BD0D-0479507F1906}.Release|x64.ActiveCfg = Release|Any CPU
		{C344C216-FC77-4E3E-BD0D-0479507F1906}.Release|x64.Build.0 = Release|Any CPU
		{C344C216-FC77-4E3E-BD0D-0479507F1906}.Release|x86.ActiveCfg = Release|Any CPU
		{C344C216-FC77-4E3E-BD0D-0479507F1906}.Release|x86.Build.0 = Release|Any CPU
		{0DD82E49-9805-4710-8CDA-6A904AD3C201}.Debug|Any CPU.ActiveCfg = Debug|Any CPU
		{0DD82E49-9805-4710-8CDA-6A904AD3C201}.Debug|Any CPU.Build.0 = Debug|Any CPU
		{0DD82E49-9805-4710-8CDA-6A904AD3C201}.Debug|ARM.ActiveCfg = Debug|Any CPU
		{0DD82E49-9805-4710-8CDA-6A904AD3C201}.Debug|ARM.Build.0 = Debug|Any CPU
		{0DD82E49-9805-4710-8CDA-6A904AD3C201}.Debug|ARM64.ActiveCfg = Debug|Any CPU
		{0DD82E49-9805-4710-8CDA-6A904AD3C201}.Debug|ARM64.Build.0 = Debug|Any CPU
		{0DD82E49-9805-4710-8CDA-6A904AD3C201}.Debug|Win32.ActiveCfg = Debug|Any CPU
		{0DD82E49-9805-4710-8CDA-6A904AD3C201}.Debug|Win32.Build.0 = Debug|Any CPU
		{0DD82E49-9805-4710-8CDA-6A904AD3C201}.Debug|x64.ActiveCfg = Debug|Any CPU
		{0DD82E49-9805-4710-8CDA-6A904AD3C201}.Debug|x64.Build.0 = Debug|Any CPU
		{0DD82E49-9805-4710-8CDA-6A904AD3C201}.Debug|x86.ActiveCfg = Debug|Any CPU
		{0DD82E49-9805-4710-8CDA-6A904AD3C201}.Debug|x86.Build.0 = Debug|Any CPU
		{0DD82E49-9805-4710-8CDA-6A904AD3C201}.Release|Any CPU.ActiveCfg = Release|Any CPU
		{0DD82E49-9805-4710-8CDA-6A904AD3C201}.Release|Any CPU.Build.0 = Release|Any CPU
		{0DD82E49-9805-4710-8CDA-6A904AD3C201}.Release|ARM.ActiveCfg = Release|Any CPU
		{0DD82E49-9805-4710-8CDA-6A904AD3C201}.Release|ARM.Build.0 = Release|Any CPU
		{0DD82E49-9805-4710-8CDA-6A904AD3C201}.Release|ARM64.ActiveCfg = Release|Any CPU
		{0DD82E49-9805-4710-8CDA-6A904AD3C201}.Release|ARM64.Build.0 = Release|Any CPU
		{0DD82E49-9805-4710-8CDA-6A904AD3C201}.Release|Win32.ActiveCfg = Release|Any CPU
		{0DD82E49-9805-4710-8CDA-6A904AD3C201}.Release|Win32.Build.0 = Release|Any CPU
		{0DD82E49-9805-4710-8CDA-6A904AD3C201}.Release|x64.ActiveCfg = Release|Any CPU
		{0DD82E49-9805-4710-8CDA-6A904AD3C201}.Release|x64.Build.0 = Release|Any CPU
		{0DD82E49-9805-4710-8CDA-6A904AD3C201}.Release|x86.ActiveCfg = Release|Any CPU
		{0DD82E49-9805-4710-8CDA-6A904AD3C201}.Release|x86.Build.0 = Release|Any CPU
		{76526147-984E-48F9-ABF9-D783E75F53C5}.Debug|Any CPU.ActiveCfg = Debug|Any CPU
		{76526147-984E-48F9-ABF9-D783E75F53C5}.Debug|Any CPU.Build.0 = Debug|Any CPU
		{76526147-984E-48F9-ABF9-D783E75F53C5}.Debug|ARM.ActiveCfg = Debug|Any CPU
		{76526147-984E-48F9-ABF9-D783E75F53C5}.Debug|ARM.Build.0 = Debug|Any CPU
		{76526147-984E-48F9-ABF9-D783E75F53C5}.Debug|ARM64.ActiveCfg = Debug|Any CPU
		{76526147-984E-48F9-ABF9-D783E75F53C5}.Debug|ARM64.Build.0 = Debug|Any CPU
		{76526147-984E-48F9-ABF9-D783E75F53C5}.Debug|Win32.ActiveCfg = Debug|Any CPU
		{76526147-984E-48F9-ABF9-D783E75F53C5}.Debug|Win32.Build.0 = Debug|Any CPU
		{76526147-984E-48F9-ABF9-D783E75F53C5}.Debug|x64.ActiveCfg = Debug|Any CPU
		{76526147-984E-48F9-ABF9-D783E75F53C5}.Debug|x64.Build.0 = Debug|Any CPU
		{76526147-984E-48F9-ABF9-D783E75F53C5}.Debug|x86.ActiveCfg = Debug|Any CPU
		{76526147-984E-48F9-ABF9-D783E75F53C5}.Debug|x86.Build.0 = Debug|Any CPU
		{76526147-984E-48F9-ABF9-D783E75F53C5}.Release|Any CPU.ActiveCfg = Release|Any CPU
		{76526147-984E-48F9-ABF9-D783E75F53C5}.Release|Any CPU.Build.0 = Release|Any CPU
		{76526147-984E-48F9-ABF9-D783E75F53C5}.Release|ARM.ActiveCfg = Release|Any CPU
		{76526147-984E-48F9-ABF9-D783E75F53C5}.Release|ARM.Build.0 = Release|Any CPU
		{76526147-984E-48F9-ABF9-D783E75F53C5}.Release|ARM64.ActiveCfg = Release|Any CPU
		{76526147-984E-48F9-ABF9-D783E75F53C5}.Release|ARM64.Build.0 = Release|Any CPU
		{76526147-984E-48F9-ABF9-D783E75F53C5}.Release|Win32.ActiveCfg = Release|Any CPU
		{76526147-984E-48F9-ABF9-D783E75F53C5}.Release|Win32.Build.0 = Release|Any CPU
		{76526147-984E-48F9-ABF9-D783E75F53C5}.Release|x64.ActiveCfg = Release|Any CPU
		{76526147-984E-48F9-ABF9-D783E75F53C5}.Release|x64.Build.0 = Release|Any CPU
		{76526147-984E-48F9-ABF9-D783E75F53C5}.Release|x86.ActiveCfg = Release|Any CPU
		{76526147-984E-48F9-ABF9-D783E75F53C5}.Release|x86.Build.0 = Release|Any CPU
		{D2597CD2-CA64-404A-84D1-4E7B512298D6}.Debug|Any CPU.ActiveCfg = Debug|Any CPU
		{D2597CD2-CA64-404A-84D1-4E7B512298D6}.Debug|Any CPU.Build.0 = Debug|Any CPU
		{D2597CD2-CA64-404A-84D1-4E7B512298D6}.Debug|ARM.ActiveCfg = Debug|Any CPU
		{D2597CD2-CA64-404A-84D1-4E7B512298D6}.Debug|ARM.Build.0 = Debug|Any CPU
		{D2597CD2-CA64-404A-84D1-4E7B512298D6}.Debug|ARM64.ActiveCfg = Debug|Any CPU
		{D2597CD2-CA64-404A-84D1-4E7B512298D6}.Debug|ARM64.Build.0 = Debug|Any CPU
		{D2597CD2-CA64-404A-84D1-4E7B512298D6}.Debug|Win32.ActiveCfg = Debug|Any CPU
		{D2597CD2-CA64-404A-84D1-4E7B512298D6}.Debug|Win32.Build.0 = Debug|Any CPU
		{D2597CD2-CA64-404A-84D1-4E7B512298D6}.Debug|x64.ActiveCfg = Debug|Any CPU
		{D2597CD2-CA64-404A-84D1-4E7B512298D6}.Debug|x64.Build.0 = Debug|Any CPU
		{D2597CD2-CA64-404A-84D1-4E7B512298D6}.Debug|x86.ActiveCfg = Debug|Any CPU
		{D2597CD2-CA64-404A-84D1-4E7B512298D6}.Debug|x86.Build.0 = Debug|Any CPU
		{D2597CD2-CA64-404A-84D1-4E7B512298D6}.Release|Any CPU.ActiveCfg = Release|Any CPU
		{D2597CD2-CA64-404A-84D1-4E7B512298D6}.Release|Any CPU.Build.0 = Release|Any CPU
		{D2597CD2-CA64-404A-84D1-4E7B512298D6}.Release|ARM.ActiveCfg = Release|Any CPU
		{D2597CD2-CA64-404A-84D1-4E7B512298D6}.Release|ARM.Build.0 = Release|Any CPU
		{D2597CD2-CA64-404A-84D1-4E7B512298D6}.Release|ARM64.ActiveCfg = Release|Any CPU
		{D2597CD2-CA64-404A-84D1-4E7B512298D6}.Release|ARM64.Build.0 = Release|Any CPU
		{D2597CD2-CA64-404A-84D1-4E7B512298D6}.Release|Win32.ActiveCfg = Release|Any CPU
		{D2597CD2-CA64-404A-84D1-4E7B512298D6}.Release|Win32.Build.0 = Release|Any CPU
		{D2597CD2-CA64-404A-84D1-4E7B512298D6}.Release|x64.ActiveCfg = Release|Any CPU
		{D2597CD2-CA64-404A-84D1-4E7B512298D6}.Release|x64.Build.0 = Release|Any CPU
		{D2597CD2-CA64-404A-84D1-4E7B512298D6}.Release|x86.ActiveCfg = Release|Any CPU
		{D2597CD2-CA64-404A-84D1-4E7B512298D6}.Release|x86.Build.0 = Release|Any CPU
		{B332CFED-DFF5-4DD8-A750-1FC2BBEF9064}.Debug|Any CPU.ActiveCfg = Debug|Any CPU
		{B332CFED-DFF5-4DD8-A750-1FC2BBEF9064}.Debug|Any CPU.Build.0 = Debug|Any CPU
		{B332CFED-DFF5-4DD8-A750-1FC2BBEF9064}.Debug|ARM.ActiveCfg = Debug|Any CPU
		{B332CFED-DFF5-4DD8-A750-1FC2BBEF9064}.Debug|ARM.Build.0 = Debug|Any CPU
		{B332CFED-DFF5-4DD8-A750-1FC2BBEF9064}.Debug|ARM64.ActiveCfg = Debug|Any CPU
		{B332CFED-DFF5-4DD8-A750-1FC2BBEF9064}.Debug|ARM64.Build.0 = Debug|Any CPU
		{B332CFED-DFF5-4DD8-A750-1FC2BBEF9064}.Debug|Win32.ActiveCfg = Debug|Any CPU
		{B332CFED-DFF5-4DD8-A750-1FC2BBEF9064}.Debug|Win32.Build.0 = Debug|Any CPU
		{B332CFED-DFF5-4DD8-A750-1FC2BBEF9064}.Debug|x64.ActiveCfg = Debug|Any CPU
		{B332CFED-DFF5-4DD8-A750-1FC2BBEF9064}.Debug|x64.Build.0 = Debug|Any CPU
		{B332CFED-DFF5-4DD8-A750-1FC2BBEF9064}.Debug|x86.ActiveCfg = Debug|Any CPU
		{B332CFED-DFF5-4DD8-A750-1FC2BBEF9064}.Debug|x86.Build.0 = Debug|Any CPU
		{B332CFED-DFF5-4DD8-A750-1FC2BBEF9064}.Release|Any CPU.ActiveCfg = Release|Any CPU
		{B332CFED-DFF5-4DD8-A750-1FC2BBEF9064}.Release|Any CPU.Build.0 = Release|Any CPU
		{B332CFED-DFF5-4DD8-A750-1FC2BBEF9064}.Release|ARM.ActiveCfg = Release|Any CPU
		{B332CFED-DFF5-4DD8-A750-1FC2BBEF9064}.Release|ARM.Build.0 = Release|Any CPU
		{B332CFED-DFF5-4DD8-A750-1FC2BBEF9064}.Release|ARM64.ActiveCfg = Release|Any CPU
		{B332CFED-DFF5-4DD8-A750-1FC2BBEF9064}.Release|ARM64.Build.0 = Release|Any CPU
		{B332CFED-DFF5-4DD8-A750-1FC2BBEF9064}.Release|Win32.ActiveCfg = Release|Any CPU
		{B332CFED-DFF5-4DD8-A750-1FC2BBEF9064}.Release|Win32.Build.0 = Release|Any CPU
		{B332CFED-DFF5-4DD8-A750-1FC2BBEF9064}.Release|x64.ActiveCfg = Release|Any CPU
		{B332CFED-DFF5-4DD8-A750-1FC2BBEF9064}.Release|x64.Build.0 = Release|Any CPU
		{B332CFED-DFF5-4DD8-A750-1FC2BBEF9064}.Release|x86.ActiveCfg = Release|Any CPU
		{B332CFED-DFF5-4DD8-A750-1FC2BBEF9064}.Release|x86.Build.0 = Release|Any CPU
		{90D1FC1B-3BAD-4C8F-9B65-A3647E991C6B}.Debug|Any CPU.ActiveCfg = Debug|Any CPU
		{90D1FC1B-3BAD-4C8F-9B65-A3647E991C6B}.Debug|Any CPU.Build.0 = Debug|Any CPU
		{90D1FC1B-3BAD-4C8F-9B65-A3647E991C6B}.Debug|ARM.ActiveCfg = Debug|Any CPU
		{90D1FC1B-3BAD-4C8F-9B65-A3647E991C6B}.Debug|ARM.Build.0 = Debug|Any CPU
		{90D1FC1B-3BAD-4C8F-9B65-A3647E991C6B}.Debug|ARM64.ActiveCfg = Debug|Any CPU
		{90D1FC1B-3BAD-4C8F-9B65-A3647E991C6B}.Debug|ARM64.Build.0 = Debug|Any CPU
		{90D1FC1B-3BAD-4C8F-9B65-A3647E991C6B}.Debug|Win32.ActiveCfg = Debug|Any CPU
		{90D1FC1B-3BAD-4C8F-9B65-A3647E991C6B}.Debug|Win32.Build.0 = Debug|Any CPU
		{90D1FC1B-3BAD-4C8F-9B65-A3647E991C6B}.Debug|x64.ActiveCfg = Debug|Any CPU
		{90D1FC1B-3BAD-4C8F-9B65-A3647E991C6B}.Debug|x64.Build.0 = Debug|Any CPU
		{90D1FC1B-3BAD-4C8F-9B65-A3647E991C6B}.Debug|x86.ActiveCfg = Debug|Any CPU
		{90D1FC1B-3BAD-4C8F-9B65-A3647E991C6B}.Debug|x86.Build.0 = Debug|Any CPU
		{90D1FC1B-3BAD-4C8F-9B65-A3647E991C6B}.Release|Any CPU.ActiveCfg = Release|Any CPU
		{90D1FC1B-3BAD-4C8F-9B65-A3647E991C6B}.Release|Any CPU.Build.0 = Release|Any CPU
		{90D1FC1B-3BAD-4C8F-9B65-A3647E991C6B}.Release|ARM.ActiveCfg = Release|Any CPU
		{90D1FC1B-3BAD-4C8F-9B65-A3647E991C6B}.Release|ARM.Build.0 = Release|Any CPU
		{90D1FC1B-3BAD-4C8F-9B65-A3647E991C6B}.Release|ARM64.ActiveCfg = Release|Any CPU
		{90D1FC1B-3BAD-4C8F-9B65-A3647E991C6B}.Release|ARM64.Build.0 = Release|Any CPU
		{90D1FC1B-3BAD-4C8F-9B65-A3647E991C6B}.Release|Win32.ActiveCfg = Release|Any CPU
		{90D1FC1B-3BAD-4C8F-9B65-A3647E991C6B}.Release|Win32.Build.0 = Release|Any CPU
		{90D1FC1B-3BAD-4C8F-9B65-A3647E991C6B}.Release|x64.ActiveCfg = Release|Any CPU
		{90D1FC1B-3BAD-4C8F-9B65-A3647E991C6B}.Release|x64.Build.0 = Release|Any CPU
		{90D1FC1B-3BAD-4C8F-9B65-A3647E991C6B}.Release|x86.ActiveCfg = Release|Any CPU
		{90D1FC1B-3BAD-4C8F-9B65-A3647E991C6B}.Release|x86.Build.0 = Release|Any CPU
		{2EB64BB4-1260-4C8F-9AA4-361C03D864E2}.Debug|Any CPU.ActiveCfg = Debug|Any CPU
		{2EB64BB4-1260-4C8F-9AA4-361C03D864E2}.Debug|Any CPU.Build.0 = Debug|Any CPU
		{2EB64BB4-1260-4C8F-9AA4-361C03D864E2}.Debug|ARM.ActiveCfg = Debug|Any CPU
		{2EB64BB4-1260-4C8F-9AA4-361C03D864E2}.Debug|ARM.Build.0 = Debug|Any CPU
		{2EB64BB4-1260-4C8F-9AA4-361C03D864E2}.Debug|ARM64.ActiveCfg = Debug|Any CPU
		{2EB64BB4-1260-4C8F-9AA4-361C03D864E2}.Debug|ARM64.Build.0 = Debug|Any CPU
		{2EB64BB4-1260-4C8F-9AA4-361C03D864E2}.Debug|Win32.ActiveCfg = Debug|Any CPU
		{2EB64BB4-1260-4C8F-9AA4-361C03D864E2}.Debug|Win32.Build.0 = Debug|Any CPU
		{2EB64BB4-1260-4C8F-9AA4-361C03D864E2}.Debug|x64.ActiveCfg = Debug|Any CPU
		{2EB64BB4-1260-4C8F-9AA4-361C03D864E2}.Debug|x64.Build.0 = Debug|Any CPU
		{2EB64BB4-1260-4C8F-9AA4-361C03D864E2}.Debug|x86.ActiveCfg = Debug|Any CPU
		{2EB64BB4-1260-4C8F-9AA4-361C03D864E2}.Debug|x86.Build.0 = Debug|Any CPU
		{2EB64BB4-1260-4C8F-9AA4-361C03D864E2}.Release|Any CPU.ActiveCfg = Release|Any CPU
		{2EB64BB4-1260-4C8F-9AA4-361C03D864E2}.Release|Any CPU.Build.0 = Release|Any CPU
		{2EB64BB4-1260-4C8F-9AA4-361C03D864E2}.Release|ARM.ActiveCfg = Release|Any CPU
		{2EB64BB4-1260-4C8F-9AA4-361C03D864E2}.Release|ARM.Build.0 = Release|Any CPU
		{2EB64BB4-1260-4C8F-9AA4-361C03D864E2}.Release|ARM64.ActiveCfg = Release|Any CPU
		{2EB64BB4-1260-4C8F-9AA4-361C03D864E2}.Release|ARM64.Build.0 = Release|Any CPU
		{2EB64BB4-1260-4C8F-9AA4-361C03D864E2}.Release|Win32.ActiveCfg = Release|Any CPU
		{2EB64BB4-1260-4C8F-9AA4-361C03D864E2}.Release|Win32.Build.0 = Release|Any CPU
		{2EB64BB4-1260-4C8F-9AA4-361C03D864E2}.Release|x64.ActiveCfg = Release|Any CPU
		{2EB64BB4-1260-4C8F-9AA4-361C03D864E2}.Release|x64.Build.0 = Release|Any CPU
		{2EB64BB4-1260-4C8F-9AA4-361C03D864E2}.Release|x86.ActiveCfg = Release|Any CPU
		{2EB64BB4-1260-4C8F-9AA4-361C03D864E2}.Release|x86.Build.0 = Release|Any CPU
		{79D5E9D0-C7DB-4F48-9AF1-6F7A22CCB862}.Debug|Any CPU.ActiveCfg = Debug|Any CPU
		{79D5E9D0-C7DB-4F48-9AF1-6F7A22CCB862}.Debug|Any CPU.Build.0 = Debug|Any CPU
		{79D5E9D0-C7DB-4F48-9AF1-6F7A22CCB862}.Debug|ARM.ActiveCfg = Debug|Any CPU
		{79D5E9D0-C7DB-4F48-9AF1-6F7A22CCB862}.Debug|ARM.Build.0 = Debug|Any CPU
		{79D5E9D0-C7DB-4F48-9AF1-6F7A22CCB862}.Debug|ARM64.ActiveCfg = Debug|Any CPU
		{79D5E9D0-C7DB-4F48-9AF1-6F7A22CCB862}.Debug|ARM64.Build.0 = Debug|Any CPU
		{79D5E9D0-C7DB-4F48-9AF1-6F7A22CCB862}.Debug|Win32.ActiveCfg = Debug|Any CPU
		{79D5E9D0-C7DB-4F48-9AF1-6F7A22CCB862}.Debug|Win32.Build.0 = Debug|Any CPU
		{79D5E9D0-C7DB-4F48-9AF1-6F7A22CCB862}.Debug|x64.ActiveCfg = Debug|Any CPU
		{79D5E9D0-C7DB-4F48-9AF1-6F7A22CCB862}.Debug|x64.Build.0 = Debug|Any CPU
		{79D5E9D0-C7DB-4F48-9AF1-6F7A22CCB862}.Debug|x86.ActiveCfg = Debug|Any CPU
		{79D5E9D0-C7DB-4F48-9AF1-6F7A22CCB862}.Debug|x86.Build.0 = Debug|Any CPU
		{79D5E9D0-C7DB-4F48-9AF1-6F7A22CCB862}.Release|Any CPU.ActiveCfg = Release|Any CPU
		{79D5E9D0-C7DB-4F48-9AF1-6F7A22CCB862}.Release|Any CPU.Build.0 = Release|Any CPU
		{79D5E9D0-C7DB-4F48-9AF1-6F7A22CCB862}.Release|ARM.ActiveCfg = Release|Any CPU
		{79D5E9D0-C7DB-4F48-9AF1-6F7A22CCB862}.Release|ARM.Build.0 = Release|Any CPU
		{79D5E9D0-C7DB-4F48-9AF1-6F7A22CCB862}.Release|ARM64.ActiveCfg = Release|Any CPU
		{79D5E9D0-C7DB-4F48-9AF1-6F7A22CCB862}.Release|ARM64.Build.0 = Release|Any CPU
		{79D5E9D0-C7DB-4F48-9AF1-6F7A22CCB862}.Release|Win32.ActiveCfg = Release|Any CPU
		{79D5E9D0-C7DB-4F48-9AF1-6F7A22CCB862}.Release|Win32.Build.0 = Release|Any CPU
		{79D5E9D0-C7DB-4F48-9AF1-6F7A22CCB862}.Release|x64.ActiveCfg = Release|Any CPU
		{79D5E9D0-C7DB-4F48-9AF1-6F7A22CCB862}.Release|x64.Build.0 = Release|Any CPU
		{79D5E9D0-C7DB-4F48-9AF1-6F7A22CCB862}.Release|x86.ActiveCfg = Release|Any CPU
		{79D5E9D0-C7DB-4F48-9AF1-6F7A22CCB862}.Release|x86.Build.0 = Release|Any CPU
		{4E793A14-2C69-4907-B8E5-0DB6B9BD12ED}.Debug|Any CPU.ActiveCfg = Debug|Any CPU
		{4E793A14-2C69-4907-B8E5-0DB6B9BD12ED}.Debug|Any CPU.Build.0 = Debug|Any CPU
		{4E793A14-2C69-4907-B8E5-0DB6B9BD12ED}.Debug|ARM.ActiveCfg = Debug|Any CPU
		{4E793A14-2C69-4907-B8E5-0DB6B9BD12ED}.Debug|ARM.Build.0 = Debug|Any CPU
		{4E793A14-2C69-4907-B8E5-0DB6B9BD12ED}.Debug|ARM64.ActiveCfg = Debug|Any CPU
		{4E793A14-2C69-4907-B8E5-0DB6B9BD12ED}.Debug|ARM64.Build.0 = Debug|Any CPU
		{4E793A14-2C69-4907-B8E5-0DB6B9BD12ED}.Debug|Win32.ActiveCfg = Debug|Any CPU
		{4E793A14-2C69-4907-B8E5-0DB6B9BD12ED}.Debug|Win32.Build.0 = Debug|Any CPU
		{4E793A14-2C69-4907-B8E5-0DB6B9BD12ED}.Debug|x64.ActiveCfg = Debug|Any CPU
		{4E793A14-2C69-4907-B8E5-0DB6B9BD12ED}.Debug|x64.Build.0 = Debug|Any CPU
		{4E793A14-2C69-4907-B8E5-0DB6B9BD12ED}.Debug|x86.ActiveCfg = Debug|Any CPU
		{4E793A14-2C69-4907-B8E5-0DB6B9BD12ED}.Debug|x86.Build.0 = Debug|Any CPU
		{4E793A14-2C69-4907-B8E5-0DB6B9BD12ED}.Release|Any CPU.ActiveCfg = Release|Any CPU
		{4E793A14-2C69-4907-B8E5-0DB6B9BD12ED}.Release|Any CPU.Build.0 = Release|Any CPU
		{4E793A14-2C69-4907-B8E5-0DB6B9BD12ED}.Release|ARM.ActiveCfg = Release|Any CPU
		{4E793A14-2C69-4907-B8E5-0DB6B9BD12ED}.Release|ARM.Build.0 = Release|Any CPU
		{4E793A14-2C69-4907-B8E5-0DB6B9BD12ED}.Release|ARM64.ActiveCfg = Release|Any CPU
		{4E793A14-2C69-4907-B8E5-0DB6B9BD12ED}.Release|ARM64.Build.0 = Release|Any CPU
		{4E793A14-2C69-4907-B8E5-0DB6B9BD12ED}.Release|Win32.ActiveCfg = Release|Any CPU
		{4E793A14-2C69-4907-B8E5-0DB6B9BD12ED}.Release|Win32.Build.0 = Release|Any CPU
		{4E793A14-2C69-4907-B8E5-0DB6B9BD12ED}.Release|x64.ActiveCfg = Release|Any CPU
		{4E793A14-2C69-4907-B8E5-0DB6B9BD12ED}.Release|x64.Build.0 = Release|Any CPU
		{4E793A14-2C69-4907-B8E5-0DB6B9BD12ED}.Release|x86.ActiveCfg = Release|Any CPU
		{4E793A14-2C69-4907-B8E5-0DB6B9BD12ED}.Release|x86.Build.0 = Release|Any CPU
		{138F3C0B-9818-4419-ADFC-BAC1707FDF2A}.Debug|Any CPU.ActiveCfg = Debug|Any CPU
		{138F3C0B-9818-4419-ADFC-BAC1707FDF2A}.Debug|Any CPU.Build.0 = Debug|Any CPU
		{138F3C0B-9818-4419-ADFC-BAC1707FDF2A}.Debug|ARM.ActiveCfg = Debug|Any CPU
		{138F3C0B-9818-4419-ADFC-BAC1707FDF2A}.Debug|ARM.Build.0 = Debug|Any CPU
		{138F3C0B-9818-4419-ADFC-BAC1707FDF2A}.Debug|ARM64.ActiveCfg = Debug|Any CPU
		{138F3C0B-9818-4419-ADFC-BAC1707FDF2A}.Debug|ARM64.Build.0 = Debug|Any CPU
		{138F3C0B-9818-4419-ADFC-BAC1707FDF2A}.Debug|Win32.ActiveCfg = Debug|Any CPU
		{138F3C0B-9818-4419-ADFC-BAC1707FDF2A}.Debug|Win32.Build.0 = Debug|Any CPU
		{138F3C0B-9818-4419-ADFC-BAC1707FDF2A}.Debug|x64.ActiveCfg = Debug|Any CPU
		{138F3C0B-9818-4419-ADFC-BAC1707FDF2A}.Debug|x64.Build.0 = Debug|Any CPU
		{138F3C0B-9818-4419-ADFC-BAC1707FDF2A}.Debug|x86.ActiveCfg = Debug|Any CPU
		{138F3C0B-9818-4419-ADFC-BAC1707FDF2A}.Debug|x86.Build.0 = Debug|Any CPU
		{138F3C0B-9818-4419-ADFC-BAC1707FDF2A}.Release|Any CPU.ActiveCfg = Release|Any CPU
		{138F3C0B-9818-4419-ADFC-BAC1707FDF2A}.Release|Any CPU.Build.0 = Release|Any CPU
		{138F3C0B-9818-4419-ADFC-BAC1707FDF2A}.Release|ARM.ActiveCfg = Release|Any CPU
		{138F3C0B-9818-4419-ADFC-BAC1707FDF2A}.Release|ARM.Build.0 = Release|Any CPU
		{138F3C0B-9818-4419-ADFC-BAC1707FDF2A}.Release|ARM64.ActiveCfg = Release|Any CPU
		{138F3C0B-9818-4419-ADFC-BAC1707FDF2A}.Release|ARM64.Build.0 = Release|Any CPU
		{138F3C0B-9818-4419-ADFC-BAC1707FDF2A}.Release|Win32.ActiveCfg = Release|Any CPU
		{138F3C0B-9818-4419-ADFC-BAC1707FDF2A}.Release|Win32.Build.0 = Release|Any CPU
		{138F3C0B-9818-4419-ADFC-BAC1707FDF2A}.Release|x64.ActiveCfg = Release|Any CPU
		{138F3C0B-9818-4419-ADFC-BAC1707FDF2A}.Release|x64.Build.0 = Release|Any CPU
		{138F3C0B-9818-4419-ADFC-BAC1707FDF2A}.Release|x86.ActiveCfg = Release|Any CPU
		{138F3C0B-9818-4419-ADFC-BAC1707FDF2A}.Release|x86.Build.0 = Release|Any CPU
		{84BA93DF-51B4-4515-A0D5-DD2DF617A157}.Debug|Any CPU.ActiveCfg = Debug|Any CPU
		{84BA93DF-51B4-4515-A0D5-DD2DF617A157}.Debug|Any CPU.Build.0 = Debug|Any CPU
		{84BA93DF-51B4-4515-A0D5-DD2DF617A157}.Debug|ARM.ActiveCfg = Debug|Any CPU
		{84BA93DF-51B4-4515-A0D5-DD2DF617A157}.Debug|ARM.Build.0 = Debug|Any CPU
		{84BA93DF-51B4-4515-A0D5-DD2DF617A157}.Debug|ARM64.ActiveCfg = Debug|Any CPU
		{84BA93DF-51B4-4515-A0D5-DD2DF617A157}.Debug|ARM64.Build.0 = Debug|Any CPU
		{84BA93DF-51B4-4515-A0D5-DD2DF617A157}.Debug|Win32.ActiveCfg = Debug|Any CPU
		{84BA93DF-51B4-4515-A0D5-DD2DF617A157}.Debug|Win32.Build.0 = Debug|Any CPU
		{84BA93DF-51B4-4515-A0D5-DD2DF617A157}.Debug|x64.ActiveCfg = Debug|Any CPU
		{84BA93DF-51B4-4515-A0D5-DD2DF617A157}.Debug|x64.Build.0 = Debug|Any CPU
		{84BA93DF-51B4-4515-A0D5-DD2DF617A157}.Debug|x86.ActiveCfg = Debug|Any CPU
		{84BA93DF-51B4-4515-A0D5-DD2DF617A157}.Debug|x86.Build.0 = Debug|Any CPU
		{84BA93DF-51B4-4515-A0D5-DD2DF617A157}.Release|Any CPU.ActiveCfg = Release|Any CPU
		{84BA93DF-51B4-4515-A0D5-DD2DF617A157}.Release|Any CPU.Build.0 = Release|Any CPU
		{84BA93DF-51B4-4515-A0D5-DD2DF617A157}.Release|ARM.ActiveCfg = Release|Any CPU
		{84BA93DF-51B4-4515-A0D5-DD2DF617A157}.Release|ARM.Build.0 = Release|Any CPU
		{84BA93DF-51B4-4515-A0D5-DD2DF617A157}.Release|ARM64.ActiveCfg = Release|Any CPU
		{84BA93DF-51B4-4515-A0D5-DD2DF617A157}.Release|ARM64.Build.0 = Release|Any CPU
		{84BA93DF-51B4-4515-A0D5-DD2DF617A157}.Release|Win32.ActiveCfg = Release|Any CPU
		{84BA93DF-51B4-4515-A0D5-DD2DF617A157}.Release|Win32.Build.0 = Release|Any CPU
		{84BA93DF-51B4-4515-A0D5-DD2DF617A157}.Release|x64.ActiveCfg = Release|Any CPU
		{84BA93DF-51B4-4515-A0D5-DD2DF617A157}.Release|x64.Build.0 = Release|Any CPU
		{84BA93DF-51B4-4515-A0D5-DD2DF617A157}.Release|x86.ActiveCfg = Release|Any CPU
		{84BA93DF-51B4-4515-A0D5-DD2DF617A157}.Release|x86.Build.0 = Release|Any CPU
		{442258B4-525D-44B1-A2FD-06F119BF5AC8}.Debug|Any CPU.ActiveCfg = Debug|Win32
		{442258B4-525D-44B1-A2FD-06F119BF5AC8}.Debug|ARM.ActiveCfg = Debug|Win32
		{442258B4-525D-44B1-A2FD-06F119BF5AC8}.Debug|ARM64.ActiveCfg = Debug|Win32
		{442258B4-525D-44B1-A2FD-06F119BF5AC8}.Debug|Win32.ActiveCfg = Debug|Win32
		{442258B4-525D-44B1-A2FD-06F119BF5AC8}.Debug|Win32.Build.0 = Debug|Win32
		{442258B4-525D-44B1-A2FD-06F119BF5AC8}.Debug|x64.ActiveCfg = Debug|x64
		{442258B4-525D-44B1-A2FD-06F119BF5AC8}.Debug|x64.Build.0 = Debug|x64
		{442258B4-525D-44B1-A2FD-06F119BF5AC8}.Debug|x86.ActiveCfg = Debug|Win32
		{442258B4-525D-44B1-A2FD-06F119BF5AC8}.Debug|x86.Build.0 = Debug|Win32
		{442258B4-525D-44B1-A2FD-06F119BF5AC8}.Release|Any CPU.ActiveCfg = Release|Win32
		{442258B4-525D-44B1-A2FD-06F119BF5AC8}.Release|ARM.ActiveCfg = Release|Win32
		{442258B4-525D-44B1-A2FD-06F119BF5AC8}.Release|ARM64.ActiveCfg = Release|Win32
		{442258B4-525D-44B1-A2FD-06F119BF5AC8}.Release|Win32.ActiveCfg = Release|Win32
		{442258B4-525D-44B1-A2FD-06F119BF5AC8}.Release|Win32.Build.0 = Release|Win32
		{442258B4-525D-44B1-A2FD-06F119BF5AC8}.Release|x64.ActiveCfg = Release|x64
		{442258B4-525D-44B1-A2FD-06F119BF5AC8}.Release|x64.Build.0 = Release|x64
		{442258B4-525D-44B1-A2FD-06F119BF5AC8}.Release|x86.ActiveCfg = Release|Win32
		{442258B4-525D-44B1-A2FD-06F119BF5AC8}.Release|x86.Build.0 = Release|Win32
		{CE5B5453-16FB-4A5C-ABD2-DD7A2E39ED32}.Debug|Any CPU.ActiveCfg = Debug|Any CPU
		{CE5B5453-16FB-4A5C-ABD2-DD7A2E39ED32}.Debug|Any CPU.Build.0 = Debug|Any CPU
		{CE5B5453-16FB-4A5C-ABD2-DD7A2E39ED32}.Debug|ARM.ActiveCfg = Debug|Any CPU
		{CE5B5453-16FB-4A5C-ABD2-DD7A2E39ED32}.Debug|ARM.Build.0 = Debug|Any CPU
		{CE5B5453-16FB-4A5C-ABD2-DD7A2E39ED32}.Debug|ARM64.ActiveCfg = Debug|Any CPU
		{CE5B5453-16FB-4A5C-ABD2-DD7A2E39ED32}.Debug|ARM64.Build.0 = Debug|Any CPU
		{CE5B5453-16FB-4A5C-ABD2-DD7A2E39ED32}.Debug|Win32.ActiveCfg = Debug|Any CPU
		{CE5B5453-16FB-4A5C-ABD2-DD7A2E39ED32}.Debug|Win32.Build.0 = Debug|Any CPU
		{CE5B5453-16FB-4A5C-ABD2-DD7A2E39ED32}.Debug|x64.ActiveCfg = Debug|Any CPU
		{CE5B5453-16FB-4A5C-ABD2-DD7A2E39ED32}.Debug|x64.Build.0 = Debug|Any CPU
		{CE5B5453-16FB-4A5C-ABD2-DD7A2E39ED32}.Debug|x86.ActiveCfg = Debug|Any CPU
		{CE5B5453-16FB-4A5C-ABD2-DD7A2E39ED32}.Debug|x86.Build.0 = Debug|Any CPU
		{CE5B5453-16FB-4A5C-ABD2-DD7A2E39ED32}.Release|Any CPU.ActiveCfg = Release|Any CPU
		{CE5B5453-16FB-4A5C-ABD2-DD7A2E39ED32}.Release|Any CPU.Build.0 = Release|Any CPU
		{CE5B5453-16FB-4A5C-ABD2-DD7A2E39ED32}.Release|ARM.ActiveCfg = Release|Any CPU
		{CE5B5453-16FB-4A5C-ABD2-DD7A2E39ED32}.Release|ARM.Build.0 = Release|Any CPU
		{CE5B5453-16FB-4A5C-ABD2-DD7A2E39ED32}.Release|ARM64.ActiveCfg = Release|Any CPU
		{CE5B5453-16FB-4A5C-ABD2-DD7A2E39ED32}.Release|ARM64.Build.0 = Release|Any CPU
		{CE5B5453-16FB-4A5C-ABD2-DD7A2E39ED32}.Release|Win32.ActiveCfg = Release|Any CPU
		{CE5B5453-16FB-4A5C-ABD2-DD7A2E39ED32}.Release|Win32.Build.0 = Release|Any CPU
		{CE5B5453-16FB-4A5C-ABD2-DD7A2E39ED32}.Release|x64.ActiveCfg = Release|Any CPU
		{CE5B5453-16FB-4A5C-ABD2-DD7A2E39ED32}.Release|x64.Build.0 = Release|Any CPU
		{CE5B5453-16FB-4A5C-ABD2-DD7A2E39ED32}.Release|x86.ActiveCfg = Release|Any CPU
		{CE5B5453-16FB-4A5C-ABD2-DD7A2E39ED32}.Release|x86.Build.0 = Release|Any CPU
		{1240C7B0-0032-4B37-B624-433F10333CE7}.Debug|Any CPU.ActiveCfg = Debug|Any CPU
		{1240C7B0-0032-4B37-B624-433F10333CE7}.Debug|Any CPU.Build.0 = Debug|Any CPU
		{1240C7B0-0032-4B37-B624-433F10333CE7}.Debug|ARM.ActiveCfg = Debug|Any CPU
		{1240C7B0-0032-4B37-B624-433F10333CE7}.Debug|ARM.Build.0 = Debug|Any CPU
		{1240C7B0-0032-4B37-B624-433F10333CE7}.Debug|ARM64.ActiveCfg = Debug|Any CPU
		{1240C7B0-0032-4B37-B624-433F10333CE7}.Debug|ARM64.Build.0 = Debug|Any CPU
		{1240C7B0-0032-4B37-B624-433F10333CE7}.Debug|Win32.ActiveCfg = Debug|Any CPU
		{1240C7B0-0032-4B37-B624-433F10333CE7}.Debug|Win32.Build.0 = Debug|Any CPU
		{1240C7B0-0032-4B37-B624-433F10333CE7}.Debug|x64.ActiveCfg = Debug|Any CPU
		{1240C7B0-0032-4B37-B624-433F10333CE7}.Debug|x64.Build.0 = Debug|Any CPU
		{1240C7B0-0032-4B37-B624-433F10333CE7}.Debug|x86.ActiveCfg = Debug|Any CPU
		{1240C7B0-0032-4B37-B624-433F10333CE7}.Debug|x86.Build.0 = Debug|Any CPU
		{1240C7B0-0032-4B37-B624-433F10333CE7}.Release|Any CPU.ActiveCfg = Release|Any CPU
		{1240C7B0-0032-4B37-B624-433F10333CE7}.Release|Any CPU.Build.0 = Release|Any CPU
		{1240C7B0-0032-4B37-B624-433F10333CE7}.Release|ARM.ActiveCfg = Release|Any CPU
		{1240C7B0-0032-4B37-B624-433F10333CE7}.Release|ARM.Build.0 = Release|Any CPU
		{1240C7B0-0032-4B37-B624-433F10333CE7}.Release|ARM64.ActiveCfg = Release|Any CPU
		{1240C7B0-0032-4B37-B624-433F10333CE7}.Release|ARM64.Build.0 = Release|Any CPU
		{1240C7B0-0032-4B37-B624-433F10333CE7}.Release|Win32.ActiveCfg = Release|Any CPU
		{1240C7B0-0032-4B37-B624-433F10333CE7}.Release|Win32.Build.0 = Release|Any CPU
		{1240C7B0-0032-4B37-B624-433F10333CE7}.Release|x64.ActiveCfg = Release|Any CPU
		{1240C7B0-0032-4B37-B624-433F10333CE7}.Release|x64.Build.0 = Release|Any CPU
		{1240C7B0-0032-4B37-B624-433F10333CE7}.Release|x86.ActiveCfg = Release|Any CPU
		{1240C7B0-0032-4B37-B624-433F10333CE7}.Release|x86.Build.0 = Release|Any CPU
		{34A010C4-CBF4-4799-BD23-9971110B8627}.Debug|Any CPU.ActiveCfg = Debug|Any CPU
		{34A010C4-CBF4-4799-BD23-9971110B8627}.Debug|Any CPU.Build.0 = Debug|Any CPU
		{34A010C4-CBF4-4799-BD23-9971110B8627}.Debug|ARM.ActiveCfg = Debug|Any CPU
		{34A010C4-CBF4-4799-BD23-9971110B8627}.Debug|ARM.Build.0 = Debug|Any CPU
		{34A010C4-CBF4-4799-BD23-9971110B8627}.Debug|ARM64.ActiveCfg = Debug|Any CPU
		{34A010C4-CBF4-4799-BD23-9971110B8627}.Debug|ARM64.Build.0 = Debug|Any CPU
		{34A010C4-CBF4-4799-BD23-9971110B8627}.Debug|Win32.ActiveCfg = Debug|Any CPU
		{34A010C4-CBF4-4799-BD23-9971110B8627}.Debug|Win32.Build.0 = Debug|Any CPU
		{34A010C4-CBF4-4799-BD23-9971110B8627}.Debug|x64.ActiveCfg = Debug|Any CPU
		{34A010C4-CBF4-4799-BD23-9971110B8627}.Debug|x64.Build.0 = Debug|Any CPU
		{34A010C4-CBF4-4799-BD23-9971110B8627}.Debug|x86.ActiveCfg = Debug|Any CPU
		{34A010C4-CBF4-4799-BD23-9971110B8627}.Debug|x86.Build.0 = Debug|Any CPU
		{34A010C4-CBF4-4799-BD23-9971110B8627}.Release|Any CPU.ActiveCfg = Release|Any CPU
		{34A010C4-CBF4-4799-BD23-9971110B8627}.Release|Any CPU.Build.0 = Release|Any CPU
		{34A010C4-CBF4-4799-BD23-9971110B8627}.Release|ARM.ActiveCfg = Release|Any CPU
		{34A010C4-CBF4-4799-BD23-9971110B8627}.Release|ARM.Build.0 = Release|Any CPU
		{34A010C4-CBF4-4799-BD23-9971110B8627}.Release|ARM64.ActiveCfg = Release|Any CPU
		{34A010C4-CBF4-4799-BD23-9971110B8627}.Release|ARM64.Build.0 = Release|Any CPU
		{34A010C4-CBF4-4799-BD23-9971110B8627}.Release|Win32.ActiveCfg = Release|Any CPU
		{34A010C4-CBF4-4799-BD23-9971110B8627}.Release|Win32.Build.0 = Release|Any CPU
		{34A010C4-CBF4-4799-BD23-9971110B8627}.Release|x64.ActiveCfg = Release|Any CPU
		{34A010C4-CBF4-4799-BD23-9971110B8627}.Release|x64.Build.0 = Release|Any CPU
		{34A010C4-CBF4-4799-BD23-9971110B8627}.Release|x86.ActiveCfg = Release|Any CPU
		{34A010C4-CBF4-4799-BD23-9971110B8627}.Release|x86.Build.0 = Release|Any CPU
		{B7CF86F9-3393-4C0E-BC0B-72D23BC77C6B}.Debug|Any CPU.ActiveCfg = Debug|Win32
		{B7CF86F9-3393-4C0E-BC0B-72D23BC77C6B}.Debug|ARM.ActiveCfg = Debug|Win32
		{B7CF86F9-3393-4C0E-BC0B-72D23BC77C6B}.Debug|ARM64.ActiveCfg = Debug|Win32
		{B7CF86F9-3393-4C0E-BC0B-72D23BC77C6B}.Debug|Win32.ActiveCfg = Debug|Win32
		{B7CF86F9-3393-4C0E-BC0B-72D23BC77C6B}.Debug|Win32.Build.0 = Debug|Win32
		{B7CF86F9-3393-4C0E-BC0B-72D23BC77C6B}.Debug|x64.ActiveCfg = Debug|x64
		{B7CF86F9-3393-4C0E-BC0B-72D23BC77C6B}.Debug|x64.Build.0 = Debug|x64
		{B7CF86F9-3393-4C0E-BC0B-72D23BC77C6B}.Debug|x86.ActiveCfg = Debug|Win32
		{B7CF86F9-3393-4C0E-BC0B-72D23BC77C6B}.Debug|x86.Build.0 = Debug|Win32
		{B7CF86F9-3393-4C0E-BC0B-72D23BC77C6B}.Release|Any CPU.ActiveCfg = Release|Win32
		{B7CF86F9-3393-4C0E-BC0B-72D23BC77C6B}.Release|ARM.ActiveCfg = Release|Win32
		{B7CF86F9-3393-4C0E-BC0B-72D23BC77C6B}.Release|ARM64.ActiveCfg = Release|Win32
		{B7CF86F9-3393-4C0E-BC0B-72D23BC77C6B}.Release|Win32.ActiveCfg = Release|Win32
		{B7CF86F9-3393-4C0E-BC0B-72D23BC77C6B}.Release|Win32.Build.0 = Release|Win32
		{B7CF86F9-3393-4C0E-BC0B-72D23BC77C6B}.Release|x64.ActiveCfg = Release|x64
		{B7CF86F9-3393-4C0E-BC0B-72D23BC77C6B}.Release|x64.Build.0 = Release|x64
		{B7CF86F9-3393-4C0E-BC0B-72D23BC77C6B}.Release|x86.ActiveCfg = Release|Win32
		{B7CF86F9-3393-4C0E-BC0B-72D23BC77C6B}.Release|x86.Build.0 = Release|Win32
	EndGlobalSection
	GlobalSection(SolutionProperties) = preSolution
		HideSolutionNode = FALSE
	EndGlobalSection
	GlobalSection(ExtensibilityGlobals) = postSolution
		SolutionGuid = {E5B33B7D-8E26-48BD-9DE8-072028189513}
	EndGlobalSection
EndGlobal
